
Microsoft Visual Studio Solution File, Format Version 12.00
# Visual Studio Version 16
VisualStudioVersion = 16.0.31313.79
MinimumVisualStudioVersion = 10.0.40219.1
Project("{FAE04EC0-301F-11D3-BF4B-00C04F79EFBC}") = "WorkoutHunterV2", "WorkoutHunterV2.csproj", "{EB61B728-DB92-4BB7-8CF7-71B1F79C0A37}"
EndProject
Global
	GlobalSection(SolutionConfigurationPlatforms) = preSolution
		Debug|Any CPU = Debug|Any CPU
		Release|Any CPU = Release|Any CPU
	EndGlobalSection
	GlobalSection(ProjectConfigurationPlatforms) = postSolution
		{EB61B728-DB92-4BB7-8CF7-71B1F79C0A37}.Debug|Any CPU.ActiveCfg = Debug|Any CPU
		{EB61B728-DB92-4BB7-8CF7-71B1F79C0A37}.Debug|Any CPU.Build.0 = Debug|Any CPU
		{EB61B728-DB92-4BB7-8CF7-71B1F79C0A37}.Release|Any CPU.ActiveCfg = Release|Any CPU
		{EB61B728-DB92-4BB7-8CF7-71B1F79C0A37}.Release|Any CPU.Build.0 = Release|Any CPU
	EndGlobalSection
	GlobalSection(SolutionProperties) = preSolution
		HideSolutionNode = FALSE
	EndGlobalSection
	GlobalSection(ExtensibilityGlobals) = postSolution
		SolutionGuid = {95FE0D91-6884-4263-8748-60D4F53C8798}
	EndGlobalSection
EndGlobal
